
Microsoft Visual Studio Solution File, Format Version 12.00
# Visual Studio Version 17
VisualStudioVersion = 17.8.34511.84
MinimumVisualStudioVersion = 10.0.40219.1
Project("{FAE04EC0-301F-11D3-BF4B-00C04F79EFBC}") = "ConsoleApp11", "ConsoleApp11\ConsoleApp11.csproj", "{E4490A52-A10A-49A5-A933-9848672AE144}"
EndProject
Global
	GlobalSection(SolutionConfigurationPlatforms) = preSolution
		Debug|Any CPU = Debug|Any CPU
		Release|Any CPU = Release|Any CPU
	EndGlobalSection
	GlobalSection(ProjectConfigurationPlatforms) = postSolution
		{E4490A52-A10A-49A5-A933-9848672AE144}.Debug|Any CPU.ActiveCfg = Debug|Any CPU
		{E4490A52-A10A-49A5-A933-9848672AE144}.Debug|Any CPU.Build.0 = Debug|Any CPU
		{E4490A52-A10A-49A5-A933-9848672AE144}.Release|Any CPU.ActiveCfg = Release|Any CPU
		{E4490A52-A10A-49A5-A933-9848672AE144}.Release|Any CPU.Build.0 = Release|Any CPU
	EndGlobalSection
	GlobalSection(SolutionProperties) = preSolution
		HideSolutionNode = FALSE
	EndGlobalSection
	GlobalSection(ExtensibilityGlobals) = postSolution
		SolutionGuid = {19DC409B-9853-41FE-BADD-324B197E87EA}
	EndGlobalSection
EndGlobal
