
Microsoft Visual Studio Solution File, Format Version 12.00
# Visual Studio Version 17
VisualStudioVersion = 17.8.34511.84
MinimumVisualStudioVersion = 10.0.40219.1
Project("{FAE04EC0-301F-11D3-BF4B-00C04F79EFBC}") = "ConsoleApp9", "ConsoleApp9\ConsoleApp9.csproj", "{22EE5B86-0F3D-42CE-910D-A326254E10C8}"
EndProject
Global
	GlobalSection(SolutionConfigurationPlatforms) = preSolution
		Debug|Any CPU = Debug|Any CPU
		Release|Any CPU = Release|Any CPU
	EndGlobalSection
	GlobalSection(ProjectConfigurationPlatforms) = postSolution
		{22EE5B86-0F3D-42CE-910D-A326254E10C8}.Debug|Any CPU.ActiveCfg = Debug|Any CPU
		{22EE5B86-0F3D-42CE-910D-A326254E10C8}.Debug|Any CPU.Build.0 = Debug|Any CPU
		{22EE5B86-0F3D-42CE-910D-A326254E10C8}.Release|Any CPU.ActiveCfg = Release|Any CPU
		{22EE5B86-0F3D-42CE-910D-A326254E10C8}.Release|Any CPU.Build.0 = Release|Any CPU
	EndGlobalSection
	GlobalSection(SolutionProperties) = preSolution
		HideSolutionNode = FALSE
	EndGlobalSection
	GlobalSection(ExtensibilityGlobals) = postSolution
		SolutionGuid = {C2138B9C-CF7D-488E-8C84-0C2E648780E2}
	EndGlobalSection
EndGlobal
