
Microsoft Visual Studio Solution File, Format Version 12.00
# Visual Studio Version 17
VisualStudioVersion = 17.8.34511.84
MinimumVisualStudioVersion = 10.0.40219.1
Project("{FAE04EC0-301F-11D3-BF4B-00C04F79EFBC}") = "While", "While\While.csproj", "{36DD63DD-087E-410B-B7EA-00F23A9BFAE0}"
EndProject
Global
	GlobalSection(SolutionConfigurationPlatforms) = preSolution
		Debug|Any CPU = Debug|Any CPU
		Release|Any CPU = Release|Any CPU
	EndGlobalSection
	GlobalSection(ProjectConfigurationPlatforms) = postSolution
		{36DD63DD-087E-410B-B7EA-00F23A9BFAE0}.Debug|Any CPU.ActiveCfg = Debug|Any CPU
		{36DD63DD-087E-410B-B7EA-00F23A9BFAE0}.Debug|Any CPU.Build.0 = Debug|Any CPU
		{36DD63DD-087E-410B-B7EA-00F23A9BFAE0}.Release|Any CPU.ActiveCfg = Release|Any CPU
		{36DD63DD-087E-410B-B7EA-00F23A9BFAE0}.Release|Any CPU.Build.0 = Release|Any CPU
	EndGlobalSection
	GlobalSection(SolutionProperties) = preSolution
		HideSolutionNode = FALSE
	EndGlobalSection
	GlobalSection(ExtensibilityGlobals) = postSolution
		SolutionGuid = {FA9B4F15-80B8-44F8-B547-825A35EF33D4}
	EndGlobalSection
EndGlobal
